
Microsoft Visual Studio Solution File, Format Version 12.00
# Visual Studio Version 17
VisualStudioVersion = 17.0.32014.148
MinimumVisualStudioVersion = 10.0.40219.1
Project("{FAE04EC0-301F-11D3-BF4B-00C04F79EFBC}") = "ExampleMod", "ExampleMod.csproj", "{6B9A772D-641D-4AD2-9ECC-0CB4BB7C9EEF}"
EndProject
Global
	GlobalSection(SolutionConfigurationPlatforms) = preSolution
		Debug|Any CPU = Debug|Any CPU
		Release|Any CPU = Release|Any CPU
		ReleaseMod|Any CPU = ReleaseMod|Any CPU
	EndGlobalSection
	GlobalSection(ProjectConfigurationPlatforms) = postSolution
		{6B9A772D-641D-4AD2-9ECC-0CB4BB7C9EEF}.Debug|Any CPU.ActiveCfg = Debug|Any CPU
		{6B9A772D-641D-4AD2-9ECC-0CB4BB7C9EEF}.Debug|Any CPU.Build.0 = Debug|Any CPU
		{6B9A772D-641D-4AD2-9ECC-0CB4BB7C9EEF}.Release|Any CPU.ActiveCfg = Release|Any CPU
		{6B9A772D-641D-4AD2-9ECC-0CB4BB7C9EEF}.Release|Any CPU.Build.0 = Release|Any CPU
		{6B9A772D-641D-4AD2-9ECC-0CB4BB7C9EEF}.ReleaseMod|Any CPU.ActiveCfg = ReleaseMod|Any CPU
	EndGlobalSection
	GlobalSection(SolutionProperties) = preSolution
		HideSolutionNode = FALSE
	EndGlobalSection
	GlobalSection(ExtensibilityGlobals) = postSolution
		SolutionGuid = {D182089C-028D-450B-B915-F06FC87F2014}
	EndGlobalSection
EndGlobal
